
Microsoft Visual Studio Solution File, Format Version 12.00
# Visual Studio Version 16
VisualStudioVersion = 16.0.30330.147
MinimumVisualStudioVersion = 10.0.40219.1
Project("{FAE04EC0-301F-11D3-BF4B-00C04F79EFBC}") = "CityDataScraper", "ConsoleApp45\CityDataScraper.csproj", "{D9477EC4-DE41-4898-B485-93741FF68CE6}"
EndProject
Global
	GlobalSection(SolutionConfigurationPlatforms) = preSolution
		Debug|Any CPU = Debug|Any CPU
		Release|Any CPU = Release|Any CPU
	EndGlobalSection
	GlobalSection(ProjectConfigurationPlatforms) = postSolution
		{D9477EC4-DE41-4898-B485-93741FF68CE6}.Debug|Any CPU.ActiveCfg = Debug|Any CPU
		{D9477EC4-DE41-4898-B485-93741FF68CE6}.Debug|Any CPU.Build.0 = Debug|Any CPU
		{D9477EC4-DE41-4898-B485-93741FF68CE6}.Release|Any CPU.ActiveCfg = Release|Any CPU
		{D9477EC4-DE41-4898-B485-93741FF68CE6}.Release|Any CPU.Build.0 = Release|Any CPU
	EndGlobalSection
	GlobalSection(SolutionProperties) = preSolution
		HideSolutionNode = FALSE
	EndGlobalSection
	GlobalSection(ExtensibilityGlobals) = postSolution
		SolutionGuid = {A6CEF52D-7593-4569-8917-CA2316429030}
	EndGlobalSection
EndGlobal
